
Microsoft Visual Studio Solution File, Format Version 12.00
# Visual Studio Version 17
VisualStudioVersion = 17.5.33516.290
MinimumVisualStudioVersion = 10.0.40219.1
Project("{FAE04EC0-301F-11D3-BF4B-00C04F79EFBC}") = "MIS3033_HW7_Braden Fisher", "MIS3033_HW7_Braden Fisher\MIS3033_HW7_Braden Fisher.csproj", "{3388A36A-74AC-4147-AE93-8E9940FF2F37}"
EndProject
Global
	GlobalSection(SolutionConfigurationPlatforms) = preSolution
		Debug|Any CPU = Debug|Any CPU
		Release|Any CPU = Release|Any CPU
	EndGlobalSection
	GlobalSection(ProjectConfigurationPlatforms) = postSolution
		{3388A36A-74AC-4147-AE93-8E9940FF2F37}.Debug|Any CPU.ActiveCfg = Debug|Any CPU
		{3388A36A-74AC-4147-AE93-8E9940FF2F37}.Debug|Any CPU.Build.0 = Debug|Any CPU
		{3388A36A-74AC-4147-AE93-8E9940FF2F37}.Release|Any CPU.ActiveCfg = Release|Any CPU
		{3388A36A-74AC-4147-AE93-8E9940FF2F37}.Release|Any CPU.Build.0 = Release|Any CPU
	EndGlobalSection
	GlobalSection(SolutionProperties) = preSolution
		HideSolutionNode = FALSE
	EndGlobalSection
	GlobalSection(ExtensibilityGlobals) = postSolution
		SolutionGuid = {BAE956FA-BEA5-42A5-9EC9-27DAA1291F4B}
	EndGlobalSection
EndGlobal
